
Microsoft Visual Studio Solution File, Format Version 12.00
# Visual Studio 15
VisualStudioVersion = 15.0.27428.2015
MinimumVisualStudioVersion = 10.0.40219.1
Project("{FAE04EC0-301F-11D3-BF4B-00C04F79EFBC}") = "OnlineMarket", "OnlineMarket\OnlineMarket.csproj", "{A838D93D-F30A-4096-93AA-2ED014681B73}"
EndProject
Project("{FAE04EC0-301F-11D3-BF4B-00C04F79EFBC}") = "SupermarketQueue", "SupermarketQueue\SupermarketQueue.csproj", "{47F3620C-1236-444F-B49E-ECDB89F65876}"
EndProject
Project("{FAE04EC0-301F-11D3-BF4B-00C04F79EFBC}") = "Passwords", "Passwords\Passwords.csproj", "{CEAB8FA6-1796-4CE5-B6DF-409FA05EFEB2}"
EndProject
Project("{FAE04EC0-301F-11D3-BF4B-00C04F79EFBC}") = "ConnectAllCities", "ConnectAllCities\ConnectAllCities.csproj", "{8264C26F-8A49-4633-A20A-B8ED7693F35E}"
EndProject
Project("{FAE04EC0-301F-11D3-BF4B-00C04F79EFBC}") = "GirlsGoneWild", "GirlsGoneWild\GirlsGoneWild.csproj", "{86BD3DFC-2ECA-45D9-AC8A-EA16B1BE9E0F}"
EndProject
Project("{FAE04EC0-301F-11D3-BF4B-00C04F79EFBC}") = "ChessHorse", "ChessHorse\ChessHorse.csproj", "{3631E53B-6B34-4465-B38E-9743C5E65096}"
EndProject
Project("{FAE04EC0-301F-11D3-BF4B-00C04F79EFBC}") = "Portals", "Portals\Portals.csproj", "{11F4AF90-DDEE-4384-8538-675BEEEE1C9C}"
EndProject
Project("{FAE04EC0-301F-11D3-BF4B-00C04F79EFBC}") = "StudentsOrder", "StudentsOrder\StudentsOrder.csproj", "{115432D6-79FF-4890-A0EF-A8B3D8D46FD4}"
EndProject
Global
	GlobalSection(SolutionConfigurationPlatforms) = preSolution
		Debug|Any CPU = Debug|Any CPU
		Release|Any CPU = Release|Any CPU
	EndGlobalSection
	GlobalSection(ProjectConfigurationPlatforms) = postSolution
		{A838D93D-F30A-4096-93AA-2ED014681B73}.Debug|Any CPU.ActiveCfg = Debug|Any CPU
		{A838D93D-F30A-4096-93AA-2ED014681B73}.Debug|Any CPU.Build.0 = Debug|Any CPU
		{A838D93D-F30A-4096-93AA-2ED014681B73}.Release|Any CPU.ActiveCfg = Release|Any CPU
		{A838D93D-F30A-4096-93AA-2ED014681B73}.Release|Any CPU.Build.0 = Release|Any CPU
		{47F3620C-1236-444F-B49E-ECDB89F65876}.Debug|Any CPU.ActiveCfg = Debug|Any CPU
		{47F3620C-1236-444F-B49E-ECDB89F65876}.Debug|Any CPU.Build.0 = Debug|Any CPU
		{47F3620C-1236-444F-B49E-ECDB89F65876}.Release|Any CPU.ActiveCfg = Release|Any CPU
		{47F3620C-1236-444F-B49E-ECDB89F65876}.Release|Any CPU.Build.0 = Release|Any CPU
		{CEAB8FA6-1796-4CE5-B6DF-409FA05EFEB2}.Debug|Any CPU.ActiveCfg = Debug|Any CPU
		{CEAB8FA6-1796-4CE5-B6DF-409FA05EFEB2}.Debug|Any CPU.Build.0 = Debug|Any CPU
		{CEAB8FA6-1796-4CE5-B6DF-409FA05EFEB2}.Release|Any CPU.ActiveCfg = Release|Any CPU
		{CEAB8FA6-1796-4CE5-B6DF-409FA05EFEB2}.Release|Any CPU.Build.0 = Release|Any CPU
		{8264C26F-8A49-4633-A20A-B8ED7693F35E}.Debug|Any CPU.ActiveCfg = Debug|Any CPU
		{8264C26F-8A49-4633-A20A-B8ED7693F35E}.Debug|Any CPU.Build.0 = Debug|Any CPU
		{8264C26F-8A49-4633-A20A-B8ED7693F35E}.Release|Any CPU.ActiveCfg = Release|Any CPU
		{8264C26F-8A49-4633-A20A-B8ED7693F35E}.Release|Any CPU.Build.0 = Release|Any CPU
		{86BD3DFC-2ECA-45D9-AC8A-EA16B1BE9E0F}.Debug|Any CPU.ActiveCfg = Debug|Any CPU
		{86BD3DFC-2ECA-45D9-AC8A-EA16B1BE9E0F}.Debug|Any CPU.Build.0 = Debug|Any CPU
		{86BD3DFC-2ECA-45D9-AC8A-EA16B1BE9E0F}.Release|Any CPU.ActiveCfg = Release|Any CPU
		{86BD3DFC-2ECA-45D9-AC8A-EA16B1BE9E0F}.Release|Any CPU.Build.0 = Release|Any CPU
		{3631E53B-6B34-4465-B38E-9743C5E65096}.Debug|Any CPU.ActiveCfg = Debug|Any CPU
		{3631E53B-6B34-4465-B38E-9743C5E65096}.Debug|Any CPU.Build.0 = Debug|Any CPU
		{3631E53B-6B34-4465-B38E-9743C5E65096}.Release|Any CPU.ActiveCfg = Release|Any CPU
		{3631E53B-6B34-4465-B38E-9743C5E65096}.Release|Any CPU.Build.0 = Release|Any CPU
		{11F4AF90-DDEE-4384-8538-675BEEEE1C9C}.Debug|Any CPU.ActiveCfg = Debug|Any CPU
		{11F4AF90-DDEE-4384-8538-675BEEEE1C9C}.Debug|Any CPU.Build.0 = Debug|Any CPU
		{11F4AF90-DDEE-4384-8538-675BEEEE1C9C}.Release|Any CPU.ActiveCfg = Release|Any CPU
		{11F4AF90-DDEE-4384-8538-675BEEEE1C9C}.Release|Any CPU.Build.0 = Release|Any CPU
		{115432D6-79FF-4890-A0EF-A8B3D8D46FD4}.Debug|Any CPU.ActiveCfg = Debug|Any CPU
		{115432D6-79FF-4890-A0EF-A8B3D8D46FD4}.Debug|Any CPU.Build.0 = Debug|Any CPU
		{115432D6-79FF-4890-A0EF-A8B3D8D46FD4}.Release|Any CPU.ActiveCfg = Release|Any CPU
		{115432D6-79FF-4890-A0EF-A8B3D8D46FD4}.Release|Any CPU.Build.0 = Release|Any CPU
	EndGlobalSection
	GlobalSection(SolutionProperties) = preSolution
		HideSolutionNode = FALSE
	EndGlobalSection
	GlobalSection(ExtensibilityGlobals) = postSolution
		SolutionGuid = {8F60F333-E831-4CE6-BB99-5D6727201D4F}
	EndGlobalSection
EndGlobal
